<?xml version="1.0" encoding="utf-8"?>
<Project ToolsVersion="4.0" xmlns="http://schemas.microsoft.com/developer/msbuild/2003">
  <ItemGroup>
    <Filter Include="Source Files">
      <UniqueIdentifier>{d25435d6-2173-4a0c-810a-e00035d7f76b}</UniqueIdentifier>
    </Filter>
    <Filter Include="Header Files">
      <UniqueIdentifier>{6eb9f520-81ca-4504-9b55-06d6c2f75ea3}</UniqueIdentifier>
    </Filter>
    <Filter Include="Effects">
      <UniqueIdentifier>{ec5cf9d9-b913-4941-884f-f01c07ef745e}</UniqueIdentifier>
    </Filter>
    <Filter Include="Effects\Outlines">
      <UniqueIdentifier>{d5dbf997-457d-422d-9e07-1d33237a7947}</UniqueIdentifier>
    </Filter>
    <Filter Include="Ui">
      <UniqueIdentifier>{6b5c5ebb-c170-4667-801e-3d1414205884}</UniqueIdentifier>
    </Filter>
    <Filter Include="Effects\Blur">
      <UniqueIdentifier>{49a6ee6e-98fb-4ad3-beed-72df7a58f81e}</UniqueIdentifier>
    </Filter>
    <Filter Include="Resource Files">
      <UniqueIdentifier>{b09586dc-1b2f-4ea9-9891-a5126ec5565e}</UniqueIdentifier>
    </Filter>
    <Filter Include="Ui\EffectButton">
      <UniqueIdentifier>{172656e5-b142-47e8-8df0-47898068c371}</UniqueIdentifier>
    </Filter>
    <Filter Include="Effects\Outlines\Image">
      <UniqueIdentifier>{c7acc063-7f1e-4deb-9a7e-6585b41abbb0}</UniqueIdentifier>
    </Filter>
    <Filter Include="Effects\Outlines\Video">
      <UniqueIdentifier>{1df8df5d-eecd-44ce-b468-a398222dae3e}</UniqueIdentifier>
    </Filter>
    <Filter Include="Effects\Blur\Image">
      <UniqueIdentifier>{c367c4b9-6dc7-4d40-b457-5859fbf83411}</UniqueIdentifier>
    </Filter>
    <Filter Include="Effects\Blur\Video">
      <UniqueIdentifier>{edfc2dd4-68f1-4a29-b322-9f0b2dac421a}</UniqueIdentifier>
    </Filter>
    <Filter Include="Effects\include">
      <UniqueIdentifier>{ba1b101b-e3b1-426f-ab26-0c3f2b445d8a}</UniqueIdentifier>
    </Filter>
    <Filter Include="Effects\BaseClasses">
      <UniqueIdentifier>{3b4d529e-ad38-4007-8559-4dfbd3b18196}</UniqueIdentifier>
    </Filter>
    <Filter Include="Effects\Kernels">
      <UniqueIdentifier>{41474406-d42b-469c-8057-7c82f369384b}</UniqueIdentifier>
    </Filter>
    <Filter Include="Effects\Pixelate">
      <UniqueIdentifier>{bca25e9f-8d4f-4507-83a2-3f2f39d44bc5}</UniqueIdentifier>
    </Filter>
    <Filter Include="Effects\Pixelate\Launcher">
      <UniqueIdentifier>{2b6bedab-2ab4-4865-987f-a72ebfadc10c}</UniqueIdentifier>
    </Filter>
    <Filter Include="Effects\Blur\Launcher">
      <UniqueIdentifier>{f87dcb01-a1ca-43c4-9b1d-f2406795fb16}</UniqueIdentifier>
    </Filter>
    <Filter Include="Effects\Outlines\Launcher">
      <UniqueIdentifier>{a47a379a-8700-46f6-886e-cdd968259015}</UniqueIdentifier>
    </Filter>
    <Filter Include="Effects\Pixelate\Image">
      <UniqueIdentifier>{20d10308-0eeb-48f0-9696-65e27073feda}</UniqueIdentifier>
    </Filter>
    <Filter Include="Effects\Pixelate\Video">
      <UniqueIdentifier>{6384dcb0-623d-4511-8e78-7b0d278292ce}</UniqueIdentifier>
    </Filter>
    <Filter Include="Effects\Censor">
      <UniqueIdentifier>{aa0cbfb8-1c31-410b-a8ff-46d133a934be}</UniqueIdentifier>
    </Filter>
    <Filter Include="Effects\Censor\Launcher">
      <UniqueIdentifier>{a05d4505-17ff-431a-b10f-878b974556f7}</UniqueIdentifier>
    </Filter>
    <Filter Include="Effects\Censor\Image">
      <UniqueIdentifier>{edaf781d-cb34-4a1c-8be2-680a44b1ba0a}</UniqueIdentifier>
    </Filter>
    <Filter Include="Effects\Censor\Video">
      <UniqueIdentifier>{e0482813-6d52-4adb-978e-28dbde0f0e4e}</UniqueIdentifier>
    </Filter>
    <Filter Include="Effects\Inverse Colors">
      <UniqueIdentifier>{603d539d-540c-4b9d-8242-31fd0d92bd10}</UniqueIdentifier>
    </Filter>
    <Filter Include="Effects\Inverse Colors\Launcher">
      <UniqueIdentifier>{c03847a3-4046-4c61-ba81-d19f75f0ab6e}</UniqueIdentifier>
    </Filter>
    <Filter Include="Effects\Inverse Colors\Image">
      <UniqueIdentifier>{b42bdc06-79db-4077-9b65-9a03a40329d3}</UniqueIdentifier>
    </Filter>
    <Filter Include="Effects\Inverse Colors\Video">
      <UniqueIdentifier>{6f162d6c-170e-4ef5-b684-c0aed1c5044d}</UniqueIdentifier>
    </Filter>
    <Filter Include="Effects\Inverse Contrast">
      <UniqueIdentifier>{d87afa13-7bb6-43af-ab42-8c986925b222}</UniqueIdentifier>
    </Filter>
    <Filter Include="Effects\Inverse Contrast\Launcher">
      <UniqueIdentifier>{c79d7192-c849-46c1-8b60-eb87dc0fb498}</UniqueIdentifier>
    </Filter>
    <Filter Include="Effects\Inverse Contrast\Image">
      <UniqueIdentifier>{1ae7cfc4-4c00-4fe1-a275-784a53465734}</UniqueIdentifier>
    </Filter>
    <Filter Include="Effects\Inverse Contrast\Video">
      <UniqueIdentifier>{ad355c84-ad5e-47b8-874e-a533b0ac4431}</UniqueIdentifier>
    </Filter>
    <Filter Include="Effects\Hue Shift">
      <UniqueIdentifier>{11a160ab-bc50-457c-9219-4ea695de0e33}</UniqueIdentifier>
    </Filter>
    <Filter Include="Effects\Hue Shift\Launcher">
      <UniqueIdentifier>{512b9adb-8614-466e-ad4d-0fc6782fc7dc}</UniqueIdentifier>
    </Filter>
    <Filter Include="Effects\Hue Shift\Image">
      <UniqueIdentifier>{30de6bd2-64cf-4641-b8ec-b77067df3aba}</UniqueIdentifier>
    </Filter>
    <Filter Include="Effects\Hue Shift\Video">
      <UniqueIdentifier>{b9eb344a-4105-4d95-b20c-1808733c6ccf}</UniqueIdentifier>
    </Filter>
    <Filter Include="Effects\Radial Blur">
      <UniqueIdentifier>{71129b45-74d5-4192-a45d-a5d00290afd4}</UniqueIdentifier>
    </Filter>
    <Filter Include="Effects\Radial Blur\Launcher">
      <UniqueIdentifier>{ee0f4d46-2da1-4e1c-97c3-cdbb238d0923}</UniqueIdentifier>
    </Filter>
    <Filter Include="Effects\Radial Blur\Image">
      <UniqueIdentifier>{3a141f7c-6fb9-45cc-8e65-49eb9368eb61}</UniqueIdentifier>
    </Filter>
    <Filter Include="Effects\Radial Blur\Video">
      <UniqueIdentifier>{0772d6b8-3554-40cb-944b-109f1cd15508}</UniqueIdentifier>
    </Filter>
    <Filter Include="Effects\MonoChrome">
      <UniqueIdentifier>{956dd86d-6e1f-498a-8745-492c89fb59ed}</UniqueIdentifier>
    </Filter>
    <Filter Include="Effects\MonoChrome\Launcher">
      <UniqueIdentifier>{734c9699-b534-41a0-a0c8-449ab978c420}</UniqueIdentifier>
    </Filter>
    <Filter Include="Effects\MonoChrome\Image">
      <UniqueIdentifier>{0fd21689-5233-4e92-b5fa-22c8f5acc547}</UniqueIdentifier>
    </Filter>
    <Filter Include="Effects\MonoChrome\Video">
      <UniqueIdentifier>{59c76eb8-7ee3-479d-a1ab-2708fc2ec3ec}</UniqueIdentifier>
    </Filter>
    <Filter Include="Effects\BlackAndWhite">
      <UniqueIdentifier>{791e236d-8045-4b65-84a8-34307b998550}</UniqueIdentifier>
    </Filter>
    <Filter Include="Effects\BlackAndWhite\Launcher">
      <UniqueIdentifier>{00fad6bb-838b-4a26-bfd0-455077161e1d}</UniqueIdentifier>
    </Filter>
    <Filter Include="Effects\BlackAndWhite\Image">
      <UniqueIdentifier>{eecb982f-091f-4276-84e9-024ea407337c}</UniqueIdentifier>
    </Filter>
    <Filter Include="Effects\BlackAndWhite\Video">
      <UniqueIdentifier>{e1281eb1-4d1d-42de-9a0a-c7053545091b}</UniqueIdentifier>
    </Filter>
    <Filter Include="Effects\Posterize">
      <UniqueIdentifier>{9a694fd7-22b0-491d-8427-8b84557aaf4e}</UniqueIdentifier>
    </Filter>
    <Filter Include="Effects\Posterize\Launcher">
      <UniqueIdentifier>{8f133bc6-b61d-47ac-bddd-fff915d235a3}</UniqueIdentifier>
    </Filter>
    <Filter Include="Effects\Posterize\Image">
      <UniqueIdentifier>{2a429857-41d0-4186-b787-f9942d863977}</UniqueIdentifier>
    </Filter>
    <Filter Include="Effects\Posterize\Video">
      <UniqueIdentifier>{a0614b0e-6748-4beb-9dc5-d2d3062646da}</UniqueIdentifier>
    </Filter>
    <Filter Include="Effects\True Outlines">
      <UniqueIdentifier>{ec5d5956-6f84-4199-b80d-97eb6467b4a7}</UniqueIdentifier>
    </Filter>
    <Filter Include="Effects\True Outlines\Launcher">
      <UniqueIdentifier>{01761a36-8a97-40e8-bc4b-94f56d2f068c}</UniqueIdentifier>
    </Filter>
    <Filter Include="Effects\True Outlines\Image">
      <UniqueIdentifier>{b803cbbb-5642-4990-8595-ccfd51cf4011}</UniqueIdentifier>
    </Filter>
    <Filter Include="Effects\True Outlines\Video">
      <UniqueIdentifier>{93e612a4-63d1-4247-abfa-1661e2b03d32}</UniqueIdentifier>
    </Filter>
    <Filter Include="Effects\Magic Eye">
      <UniqueIdentifier>{4fa5426b-42a9-4087-b3f9-6a119e7ddd68}</UniqueIdentifier>
    </Filter>
    <Filter Include="Effects\Magic Eye\Launcher">
      <UniqueIdentifier>{20deed91-543d-4e22-9a1d-d2d80f2cb756}</UniqueIdentifier>
    </Filter>
    <Filter Include="Effects\Magic Eye\Video">
      <UniqueIdentifier>{adb41d3e-f93a-4592-a867-0273aa57c435}</UniqueIdentifier>
    </Filter>
    <Filter Include="bin">
      <UniqueIdentifier>{fce9d2c1-ec9a-461e-8e46-67ce69126dd6}</UniqueIdentifier>
    </Filter>
    <Filter Include="Effects\Vintage8bit">
      <UniqueIdentifier>{90ea185b-fd08-4e97-b33e-4d1ad35e303e}</UniqueIdentifier>
    </Filter>
    <Filter Include="Effects\Vintage8bit\Launcher">
      <UniqueIdentifier>{f3a8e934-3ff4-4694-957b-2369c0403f46}</UniqueIdentifier>
    </Filter>
    <Filter Include="Effects\Vintage8bit\Image">
      <UniqueIdentifier>{da78fc72-b2c3-45f8-8e65-f58165bc67ec}</UniqueIdentifier>
    </Filter>
    <Filter Include="Effects\Vintage8bit\Video">
      <UniqueIdentifier>{9c137c05-c111-4a83-a419-3000478fbd62}</UniqueIdentifier>
    </Filter>
    <Filter Include="Effects\Lens Filter">
      <UniqueIdentifier>{05e95fec-ed8d-4575-8f5f-6c426a8ba133}</UniqueIdentifier>
    </Filter>
    <Filter Include="Effects\Lens Filter\Launcher">
      <UniqueIdentifier>{dbc8c3c8-42d9-4f26-bb01-fdd27d808a0d}</UniqueIdentifier>
    </Filter>
    <Filter Include="Effects\Lens Filter\Image">
      <UniqueIdentifier>{ce5e28fb-9756-41b3-a25f-ea2a51324fb9}</UniqueIdentifier>
    </Filter>
    <Filter Include="Effects\Lens Filter\Video">
      <UniqueIdentifier>{9ddafec3-a877-4dfc-a177-303d34024fde}</UniqueIdentifier>
    </Filter>
    <Filter Include="Effects\Change Palette">
      <UniqueIdentifier>{7112b400-03cb-4acb-aa63-b7a836c3ff68}</UniqueIdentifier>
    </Filter>
    <Filter Include="Effects\Change Palette\Image">
      <UniqueIdentifier>{e477e6ed-260d-4bfd-94d1-5023781030b4}</UniqueIdentifier>
    </Filter>
    <Filter Include="Effects\Change Palette\Video">
      <UniqueIdentifier>{e38158a4-5fc5-4d6b-ae29-b56d263d5f62}</UniqueIdentifier>
    </Filter>
    <Filter Include="Effects\Change Palette\Launcher">
      <UniqueIdentifier>{fbb00d66-ef3c-4249-8c1d-6d085f6f4d9c}</UniqueIdentifier>
    </Filter>
    <Filter Include="Effects\Mono Mask">
      <UniqueIdentifier>{94b8073c-89f4-4a1e-8348-771a8373c2b7}</UniqueIdentifier>
    </Filter>
    <Filter Include="Effects\Mono Mask\Launcher">
      <UniqueIdentifier>{f3ca5113-1d79-424c-8aff-830f2e33c84e}</UniqueIdentifier>
    </Filter>
    <Filter Include="Effects\Mono Mask\Video">
      <UniqueIdentifier>{d5f2dba8-9abb-461a-aa17-3ae747a77a2a}</UniqueIdentifier>
    </Filter>
    <Filter Include="Effects\Mono Mask\Image">
      <UniqueIdentifier>{d9a9dd6c-a863-4595-abe9-5ffd79bb2b33}</UniqueIdentifier>
    </Filter>
    <Filter Include="Effects\Soft Palette">
      <UniqueIdentifier>{6d40b1ad-d318-446c-b67b-903e8bb824ae}</UniqueIdentifier>
    </Filter>
    <Filter Include="Effects\Soft Palette\Launcher">
      <UniqueIdentifier>{8edd382c-c52c-4301-bf14-088e22e62633}</UniqueIdentifier>
    </Filter>
    <Filter Include="Effects\Soft Palette\Image">
      <UniqueIdentifier>{77d36f76-1da1-4b19-ad69-429ad9150b90}</UniqueIdentifier>
    </Filter>
    <Filter Include="Effects\Soft Palette\Video">
      <UniqueIdentifier>{ad4b11e6-ee6f-4608-9f46-ef8c362dc3c9}</UniqueIdentifier>
    </Filter>
    <Filter Include="Ui\ColorButton">
      <UniqueIdentifier>{2cf98f29-cf68-40d9-8eb0-bb2a4cb38f65}</UniqueIdentifier>
    </Filter>
    <Filter Include="Effects\Soft Palette\Launcher\CUDA">
      <UniqueIdentifier>{f92bb467-47ba-409d-b188-3e9dfed4b7f9}</UniqueIdentifier>
    </Filter>
    <Filter Include="Effects\OpenCL">
      <UniqueIdentifier>{cd2daf7c-0527-47ef-b843-f2fd24e1c041}</UniqueIdentifier>
    </Filter>
    <Filter Include="Effects\Mono Mask\Launcher\CUDA">
      <UniqueIdentifier>{8f4eda3e-0a48-46d7-bb8b-3bf0aa9d955c}</UniqueIdentifier>
    </Filter>
    <Filter Include="Effects\BlackAndWhite\Launcher\CUDA">
      <UniqueIdentifier>{9200805e-6c4d-4eda-a9bd-005ed06a1800}</UniqueIdentifier>
    </Filter>
    <Filter Include="Effects\Blur\Launcher\CUDA">
      <UniqueIdentifier>{e0ae2c65-f7e1-41f5-91a8-15216f938d4b}</UniqueIdentifier>
    </Filter>
    <Filter Include="Effects\Censor\Launcher\CUDA">
      <UniqueIdentifier>{a407ae00-6417-4ad0-853f-50d971cdb1c7}</UniqueIdentifier>
    </Filter>
    <Filter Include="Effects\Flat Light">
      <UniqueIdentifier>{7c1807a5-f938-40b9-8c65-01f4aa81f326}</UniqueIdentifier>
    </Filter>
    <Filter Include="Effects\Flat Light\Image">
      <UniqueIdentifier>{1dd324ea-d451-40e5-8c04-f702c9dd2553}</UniqueIdentifier>
    </Filter>
    <Filter Include="Effects\Flat Light\Video">
      <UniqueIdentifier>{7b42c9d9-f72f-4bac-937c-4eec915c24ba}</UniqueIdentifier>
    </Filter>
    <Filter Include="Effects\Flat Light\Launcher">
      <UniqueIdentifier>{dd7915d2-6226-4f2f-8db3-4c82c2324e1b}</UniqueIdentifier>
    </Filter>
    <Filter Include="Effects\Flat Light\Launcher\CUDA">
      <UniqueIdentifier>{7ca8121f-19d4-4d68-a28e-80e5c7e249b7}</UniqueIdentifier>
    </Filter>
    <Filter Include="Effects\Change Palette\Launcher\CUDA">
      <UniqueIdentifier>{53036b61-8176-4dd4-b062-79ff54ee3d19}</UniqueIdentifier>
    </Filter>
    <Filter Include="Effects\Hue Shift\Launcher\CUDA">
      <UniqueIdentifier>{0ef7589e-9fa4-4779-af90-1f7aa7317ab3}</UniqueIdentifier>
    </Filter>
    <Filter Include="Effects\Inverse Colors\Launcher\CUDA">
      <UniqueIdentifier>{3a2df497-3dfc-4cd1-a8b9-8bd286a0c265}</UniqueIdentifier>
    </Filter>
    <Filter Include="Effects\Inverse Contrast\Launcher\CUDA">
      <UniqueIdentifier>{a7e751bf-10f3-44a6-991a-ebf04192f55b}</UniqueIdentifier>
    </Filter>
    <Filter Include="Effects\Lens Filter\Launcher\CUDA">
      <UniqueIdentifier>{109adcf3-0b3d-40ed-92f0-5de23757c214}</UniqueIdentifier>
    </Filter>
    <Filter Include="Effects\MonoChrome\Launcher\CUDA">
      <UniqueIdentifier>{23ea4768-2a6c-42a7-aece-ccf544e84308}</UniqueIdentifier>
    </Filter>
    <Filter Include="Effects\Posterize\Launcher\CUDA">
      <UniqueIdentifier>{6c06685d-15fb-4c8f-a787-c400d7f1a8d5}</UniqueIdentifier>
    </Filter>
  </ItemGroup>
  <ItemGroup>
    <ClCompile Include="main.cpp">
      <Filter>Source Files</Filter>
    </ClCompile>
    <ClCompile Include="utils.cpp">
      <Filter>Source Files</Filter>
    </ClCompile>
    <ClCompile Include="timer.cpp">
      <Filter>Source Files</Filter>
    </ClCompile>
    <ClCompile Include="Video.cpp">
      <Filter>Source Files</Filter>
    </ClCompile>
    <ClCompile Include="image.cpp">
      <Filter>Source Files</Filter>
    </ClCompile>
    <ClCompile Include="fileDialog.cpp">
      <Filter>Source Files</Filter>
    </ClCompile>
    <ClCompile Include="mainWindow.cpp">
      <Filter>Ui</Filter>
    </ClCompile>
    <ClCompile Include="EffectButton.cpp">
      <Filter>Ui\EffectButton</Filter>
    </ClCompile>
    <ClCompile Include="imageOutlines.cpp">
      <Filter>Effects\Outlines\Image</Filter>
    </ClCompile>
    <ClCompile Include="videoOutlines.cpp">
      <Filter>Effects\Outlines\Video</Filter>
    </ClCompile>
    <ClCompile Include="imageBlur.cpp">
      <Filter>Effects\Blur\Image</Filter>
    </ClCompile>
    <ClCompile Include="videoBlur.cpp">
      <Filter>Effects\Blur\Video</Filter>
    </ClCompile>
    <ClCompile Include="imagePixelate.cpp">
      <Filter>Effects\Pixelate\Image</Filter>
    </ClCompile>
    <ClCompile Include="videoPixelate.cpp">
      <Filter>Effects\Pixelate\Video</Filter>
    </ClCompile>
    <ClCompile Include="imageCensor.cpp">
      <Filter>Effects\Censor\Image</Filter>
    </ClCompile>
    <ClCompile Include="videoCensor.cpp">
      <Filter>Effects\Censor\Video</Filter>
    </ClCompile>
    <ClCompile Include="imageInverseColors.cpp">
      <Filter>Effects\Inverse Colors\Image</Filter>
    </ClCompile>
    <ClCompile Include="videoInverseColors.cpp">
      <Filter>Effects\Inverse Colors\Video</Filter>
    </ClCompile>
    <ClCompile Include="imageInverseContrast.cpp">
      <Filter>Effects\Inverse Contrast\Image</Filter>
    </ClCompile>
    <ClCompile Include="videoInverseContrast.cpp">
      <Filter>Effects\Inverse Contrast\Video</Filter>
    </ClCompile>
    <ClCompile Include="imageHueShift.cpp">
      <Filter>Effects\Hue Shift\Image</Filter>
    </ClCompile>
    <ClCompile Include="videoHueShift.cpp">
      <Filter>Effects\Hue Shift\Video</Filter>
    </ClCompile>
    <ClCompile Include="imageRadialBlur.cpp">
      <Filter>Effects\Radial Blur\Image</Filter>
    </ClCompile>
    <ClCompile Include="videoRadialBlur.cpp">
      <Filter>Effects\Radial Blur\Video</Filter>
    </ClCompile>
    <ClCompile Include="imageMonoChrome.cpp">
      <Filter>Effects\MonoChrome\Image</Filter>
    </ClCompile>
    <ClCompile Include="videoMonoChrome.cpp">
      <Filter>Effects\MonoChrome\Video</Filter>
    </ClCompile>
    <ClCompile Include="imageBlackAndWhite.cpp">
      <Filter>Effects\BlackAndWhite\Image</Filter>
    </ClCompile>
    <ClCompile Include="videoBlackAndWhite.cpp">
      <Filter>Effects\BlackAndWhite\Video</Filter>
    </ClCompile>
    <ClCompile Include="imagePosterize.cpp">
      <Filter>Effects\Posterize\Image</Filter>
    </ClCompile>
    <ClCompile Include="videoPosterize.cpp">
      <Filter>Effects\Posterize\Video</Filter>
    </ClCompile>
    <ClCompile Include="imageTrueOutlines.cpp">
      <Filter>Effects\True Outlines\Image</Filter>
    </ClCompile>
    <ClCompile Include="videoTrueOutlines.cpp">
      <Filter>Effects\True Outlines\Video</Filter>
    </ClCompile>
    <ClCompile Include="videoMagicEye.cpp">
      <Filter>Effects\Magic Eye\Video</Filter>
    </ClCompile>
    <ClCompile Include="imageVintage8bit.cpp">
      <Filter>Effects\Vintage8bit\Image</Filter>
    </ClCompile>
    <ClCompile Include="videoVintage8bit.cpp">
      <Filter>Effects\Vintage8bit\Video</Filter>
    </ClCompile>
    <ClCompile Include="imageLensFilter.cpp">
      <Filter>Effects\Lens Filter\Image</Filter>
    </ClCompile>
    <ClCompile Include="videoLensFilter.cpp">
      <Filter>Effects\Lens Filter\Video</Filter>
    </ClCompile>
    <ClCompile Include="imageChangePalette.cpp">
      <Filter>Effects\Change Palette\Image</Filter>
    </ClCompile>
    <ClCompile Include="videoChangePalette.cpp">
      <Filter>Effects\Change Palette\Video</Filter>
    </ClCompile>
    <ClCompile Include="imageMonoMask.cpp">
      <Filter>Effects\Mono Mask\Image</Filter>
    </ClCompile>
    <ClCompile Include="videoMonoMask.cpp">
      <Filter>Effects\Mono Mask\Video</Filter>
    </ClCompile>
    <ClCompile Include="imageSoftPalette.cpp">
      <Filter>Effects\Soft Palette\Image</Filter>
    </ClCompile>
    <ClCompile Include="videoSoftPalette.cpp">
      <Filter>Effects\Soft Palette\Video</Filter>
    </ClCompile>
    <ClCompile Include="colorButton.cpp">
      <Filter>Ui\ColorButton</Filter>
    </ClCompile>
    <ClCompile Include="softPalette.cpp">
      <Filter>Effects\Soft Palette\Launcher</Filter>
    </ClCompile>
    <ClCompile Include="globals.cpp">
      <Filter>Effects\OpenCL</Filter>
    </ClCompile>
    <ClCompile Include="blackAndWhite.cpp">
      <Filter>Effects\BlackAndWhite\Launcher</Filter>
    </ClCompile>
    <ClCompile Include="SourcesOpenCL.cpp">
      <Filter>Effects\OpenCL</Filter>
    </ClCompile>
    <ClCompile Include="Blur.cpp">
      <Filter>Effects\Blur\Launcher</Filter>
    </ClCompile>
    <ClCompile Include="censor.cpp">
      <Filter>Effects\Censor\Launcher</Filter>
    </ClCompile>
    <ClCompile Include="flatLight.cpp">
      <Filter>Effects\Flat Light\Launcher</Filter>
    </ClCompile>
    <ClCompile Include="imageFlatLight.cpp">
      <Filter>Effects\Flat Light\Image</Filter>
    </ClCompile>
    <ClCompile Include="videoFlatLight.cpp">
      <Filter>Effects\Flat Light\Video</Filter>
    </ClCompile>
    <ClCompile Include="changePalette.cpp">
      <Filter>Effects\Change Palette\Launcher</Filter>
    </ClCompile>
    <ClCompile Include="hueShift.cpp">
      <Filter>Effects\Hue Shift\Launcher</Filter>
    </ClCompile>
    <ClCompile Include="inverseColors.cpp">
      <Filter>Effects\Inverse Colors\Launcher</Filter>
    </ClCompile>
    <ClCompile Include="inverseContrast.cpp">
      <Filter>Effects\Inverse Contrast\Launcher</Filter>
    </ClCompile>
    <ClCompile Include="lensFilter.cpp">
      <Filter>Effects\Lens Filter\Launcher</Filter>
    </ClCompile>
    <ClCompile Include="monoChrome.cpp">
      <Filter>Effects\MonoChrome\Launcher</Filter>
    </ClCompile>
    <ClCompile Include="monoMask.cpp">
      <Filter>Effects\Mono Mask\Launcher</Filter>
    </ClCompile>
    <ClCompile Include="posterize.cpp">
      <Filter>Effects\Posterize\Launcher</Filter>
    </ClCompile>
  </ItemGroup>
  <ItemGroup>
    <CudaCompile Include="outline_launcher.cu">
      <Filter>Effects\Outlines\Launcher</Filter>
    </CudaCompile>
    <CudaCompile Include="effects.cu">
      <Filter>Effects\Kernels</Filter>
    </CudaCompile>
    <CudaCompile Include="pixelate_launcher.cu">
      <Filter>Effects\Pixelate\Launcher</Filter>
    </CudaCompile>
    <CudaCompile Include="radialBlur_launcher.cu">
      <Filter>Effects\Radial Blur\Launcher</Filter>
    </CudaCompile>
    <CudaCompile Include="trueOutlines_launcher.cu">
      <Filter>Effects\True Outlines\Launcher</Filter>
    </CudaCompile>
    <CudaCompile Include="magicEye_launcher.cu">
      <Filter>Effects\Magic Eye\Launcher</Filter>
    </CudaCompile>
    <CudaCompile Include="vintage8bit_launcher.cu">
      <Filter>Effects\Vintage8bit\Launcher</Filter>
    </CudaCompile>
    <CudaCompile Include="softPalette_launcher.cu">
      <Filter>Effects\Soft Palette\Launcher\CUDA</Filter>
    </CudaCompile>
    <CudaCompile Include="monoMask_launcher.cu">
      <Filter>Effects\Mono Mask\Launcher\CUDA</Filter>
    </CudaCompile>
    <CudaCompile Include="blackAndWhite_launcher.cu">
      <Filter>Effects\BlackAndWhite\Launcher\CUDA</Filter>
    </CudaCompile>
    <CudaCompile Include="blur_launcher.cu">
      <Filter>Effects\Blur\Launcher\CUDA</Filter>
    </CudaCompile>
    <CudaCompile Include="censor_launcher.cu">
      <Filter>Effects\Censor\Launcher\CUDA</Filter>
    </CudaCompile>
    <CudaCompile Include="flatLight_launcher.cu">
      <Filter>Effects\Flat Light\Launcher\CUDA</Filter>
    </CudaCompile>
    <CudaCompile Include="changePalette_launcher.cu">
      <Filter>Effects\Change Palette\Launcher\CUDA</Filter>
    </CudaCompile>
    <CudaCompile Include="hueShift_launcher.cu">
      <Filter>Effects\Hue Shift\Launcher\CUDA</Filter>
    </CudaCompile>
    <CudaCompile Include="inverseColors_launcher.cu">
      <Filter>Effects\Inverse Colors\Launcher\CUDA</Filter>
    </CudaCompile>
    <CudaCompile Include="inverseContrast_launcher.cu">
      <Filter>Effects\Inverse Contrast\Launcher\CUDA</Filter>
    </CudaCompile>
    <CudaCompile Include="lensFilter_launcher.cu">
      <Filter>Effects\Lens Filter\Launcher\CUDA</Filter>
    </CudaCompile>
    <CudaCompile Include="monoChrome_launcher.cu">
      <Filter>Effects\MonoChrome\Launcher\CUDA</Filter>
    </CudaCompile>
    <CudaCompile Include="posterize_launcher.cu">
      <Filter>Effects\Posterize\Launcher\CUDA</Filter>
    </CudaCompile>
  </ItemGroup>
  <ItemGroup>
    <ClInclude Include="utils.h">
      <Filter>Header Files</Filter>
    </ClInclude>
    <ClInclude Include="timer.h">
      <Filter>Header Files</Filter>
    </ClInclude>
    <ClInclude Include="Video.h">
      <Filter>Header Files</Filter>
    </ClInclude>
    <ClInclude Include="videoEditor.cuh">
      <Filter>Header Files</Filter>
    </ClInclude>
    <ClInclude Include="imageEditor.cuh">
      <Filter>Header Files</Filter>
    </ClInclude>
    <ClInclude Include="image.h">
      <Filter>Header Files</Filter>
    </ClInclude>
    <ClInclude Include="fileDialog.h">
      <Filter>Header Files</Filter>
    </ClInclude>
    <ClInclude Include="resource.h">
      <Filter>Resource Files</Filter>
    </ClInclude>
    <ClInclude Include="outline_launcher.cuh">
      <Filter>Effects\Outlines\Launcher</Filter>
    </ClInclude>
    <ClInclude Include="effects.h">
      <Filter>Effects\include</Filter>
    </ClInclude>
    <ClInclude Include="effects.cuh">
      <Filter>Effects\Kernels</Filter>
    </ClInclude>
    <ClInclude Include="pixelate_launcher.cuh">
      <Filter>Effects\Pixelate\Launcher</Filter>
    </ClInclude>
    <ClInclude Include="videoHeaders.h">
      <Filter>Effects\include</Filter>
    </ClInclude>
    <ClInclude Include="radialBlur_launcher.cuh">
      <Filter>Effects\Radial Blur\Launcher</Filter>
    </ClInclude>
    <ClInclude Include="trueOutlines_launcher.cuh">
      <Filter>Effects\True Outlines\Launcher</Filter>
    </ClInclude>
    <ClInclude Include="magicEye_launcher.cuh">
      <Filter>Effects\Magic Eye\Launcher</Filter>
    </ClInclude>
    <ClInclude Include="vintage8bit_launcher.cuh">
      <Filter>Effects\Vintage8bit\Launcher</Filter>
    </ClInclude>
    <ClInclude Include="launchers.h">
      <Filter>Effects\include</Filter>
    </ClInclude>
    <ClInclude Include="softPalette_launcher.cuh">
      <Filter>Effects\Soft Palette\Launcher\CUDA</Filter>
    </ClInclude>
    <ClInclude Include="softPalette.h">
      <Filter>Effects\Soft Palette\Launcher</Filter>
    </ClInclude>
    <ClInclude Include="SourcesOpenCL.h">
      <Filter>Effects\OpenCL</Filter>
    </ClInclude>
    <ClInclude Include="monoMask_launcher.cuh">
      <Filter>Effects\Mono Mask\Launcher\CUDA</Filter>
    </ClInclude>
    <ClInclude Include="globals.h">
      <Filter>Effects\OpenCL</Filter>
    </ClInclude>
    <ClInclude Include="blackAndWhite_launcher.cuh">
      <Filter>Effects\BlackAndWhite\Launcher\CUDA</Filter>
    </ClInclude>
    <ClInclude Include="blackAndWhite.h">
      <Filter>Effects\BlackAndWhite\Launcher</Filter>
    </ClInclude>
    <ClInclude Include="blur_launcher.cuh">
      <Filter>Effects\Blur\Launcher\CUDA</Filter>
    </ClInclude>
    <ClInclude Include="Blur.h">
      <Filter>Effects\Blur\Launcher</Filter>
    </ClInclude>
    <ClInclude Include="censor_launcher.cuh">
      <Filter>Effects\Censor\Launcher\CUDA</Filter>
    </ClInclude>
    <ClInclude Include="censor.h">
      <Filter>Effects\Censor\Launcher</Filter>
    </ClInclude>
    <ClInclude Include="flatLight.h">
      <Filter>Effects\Flat Light\Launcher</Filter>
    </ClInclude>
    <ClInclude Include="flatLight_launcher.cuh">
      <Filter>Effects\Flat Light\Launcher\CUDA</Filter>
    </ClInclude>
    <ClInclude Include="changePalette_launcher.cuh">
      <Filter>Effects\Change Palette\Launcher\CUDA</Filter>
    </ClInclude>
    <ClInclude Include="changePalette.h">
      <Filter>Effects\Change Palette\Launcher</Filter>
    </ClInclude>
    <ClInclude Include="hueShift.h">
      <Filter>Effects\Hue Shift\Launcher</Filter>
    </ClInclude>
    <ClInclude Include="hueShift_launcher.cuh">
      <Filter>Effects\Hue Shift\Launcher\CUDA</Filter>
    </ClInclude>
    <ClInclude Include="inverseColors_launcher.cuh">
      <Filter>Effects\Inverse Colors\Launcher\CUDA</Filter>
    </ClInclude>
    <ClInclude Include="inverseColors.h">
      <Filter>Effects\Inverse Colors\Launcher</Filter>
    </ClInclude>
    <ClInclude Include="inverseContrast_launcher.cuh">
      <Filter>Effects\Inverse Contrast\Launcher\CUDA</Filter>
    </ClInclude>
    <ClInclude Include="inverseContrast.h">
      <Filter>Effects\Inverse Contrast\Launcher</Filter>
    </ClInclude>
    <ClInclude Include="lensFilter_launcher.cuh">
      <Filter>Effects\Lens Filter\Launcher\CUDA</Filter>
    </ClInclude>
    <ClInclude Include="lensFilter.h">
      <Filter>Effects\Lens Filter\Launcher</Filter>
    </ClInclude>
    <ClInclude Include="monoChrome_launcher.cuh">
      <Filter>Effects\MonoChrome\Launcher\CUDA</Filter>
    </ClInclude>
    <ClInclude Include="monoChrome.h">
      <Filter>Effects\MonoChrome\Launcher</Filter>
    </ClInclude>
    <ClInclude Include="monoMask.h">
      <Filter>Effects\Mono Mask\Launcher</Filter>
    </ClInclude>
    <ClInclude Include="posterize_launcher.cuh">
      <Filter>Effects\Posterize\Launcher\CUDA</Filter>
    </ClInclude>
    <ClInclude Include="posterize.h">
      <Filter>Effects\Posterize\Launcher</Filter>
    </ClInclude>
  </ItemGroup>
  <ItemGroup>
    <None Include="packages.config" />
    <None Include="bin\opencv_world4100d.dll">
      <Filter>bin</Filter>
    </None>
  </ItemGroup>
  <ItemGroup>
    <QtMoc Include="mainWindow.h">
      <Filter>Ui</Filter>
    </QtMoc>
    <QtMoc Include="EffectButton.h">
      <Filter>Ui\EffectButton</Filter>
    </QtMoc>
    <QtMoc Include="ImageOutlines.h">
      <Filter>Effects\Outlines\Image</Filter>
    </QtMoc>
    <QtMoc Include="videoOutlines.h">
      <Filter>Effects\Outlines\Video</Filter>
    </QtMoc>
    <QtMoc Include="imageBlur.h">
      <Filter>Effects\Blur\Image</Filter>
    </QtMoc>
    <QtMoc Include="videoBlur.h">
      <Filter>Effects\Blur\Video</Filter>
    </QtMoc>
    <QtMoc Include="videoEffectBase.h">
      <Filter>Effects\BaseClasses</Filter>
    </QtMoc>
    <QtMoc Include="imageEffectBase.h">
      <Filter>Effects\BaseClasses</Filter>
    </QtMoc>
    <QtMoc Include="effectBase.h">
      <Filter>Effects\BaseClasses</Filter>
    </QtMoc>
    <QtMoc Include="imagePixelate.h">
      <Filter>Effects\Pixelate\Image</Filter>
    </QtMoc>
    <QtMoc Include="videoPixelate.h">
      <Filter>Effects\Pixelate\Video</Filter>
    </QtMoc>
    <QtMoc Include="imageCensor.h">
      <Filter>Effects\Censor\Image</Filter>
    </QtMoc>
    <QtMoc Include="videoCensor.h">
      <Filter>Effects\Censor\Video</Filter>
    </QtMoc>
    <QtMoc Include="imageInverseColors.h">
      <Filter>Effects\Inverse Colors\Image</Filter>
    </QtMoc>
    <QtMoc Include="videoInverseColors.h">
      <Filter>Effects\Inverse Colors\Video</Filter>
    </QtMoc>
    <QtMoc Include="imageInverseContrast.h">
      <Filter>Effects\Inverse Contrast\Image</Filter>
    </QtMoc>
    <QtMoc Include="videoInverseContrast.h">
      <Filter>Effects\Inverse Contrast\Video</Filter>
    </QtMoc>
    <QtMoc Include="imageHueShift.h">
      <Filter>Effects\Hue Shift\Image</Filter>
    </QtMoc>
    <QtMoc Include="videoHueShift.h">
      <Filter>Effects\Hue Shift\Video</Filter>
    </QtMoc>
    <QtMoc Include="imageRadialBlur.h">
      <Filter>Effects\Radial Blur\Image</Filter>
    </QtMoc>
    <QtMoc Include="videoRadialBlur.h">
      <Filter>Effects\Radial Blur\Video</Filter>
    </QtMoc>
    <QtMoc Include="imageMonoChrome.h">
      <Filter>Effects\MonoChrome\Image</Filter>
    </QtMoc>
    <QtMoc Include="videoMonoChrome.h">
      <Filter>Effects\MonoChrome\Video</Filter>
    </QtMoc>
    <QtMoc Include="imageBlackAndWhite.h">
      <Filter>Effects\BlackAndWhite\Image</Filter>
    </QtMoc>
    <QtMoc Include="videoBlackAndWhite.h">
      <Filter>Effects\BlackAndWhite\Video</Filter>
    </QtMoc>
    <QtMoc Include="imagePosterize.h">
      <Filter>Effects\Posterize\Image</Filter>
    </QtMoc>
    <QtMoc Include="videoPosterize.h">
      <Filter>Effects\Posterize\Video</Filter>
    </QtMoc>
    <QtMoc Include="imageTrueOutlines.h">
      <Filter>Effects\True Outlines\Image</Filter>
    </QtMoc>
    <QtMoc Include="videoTrueOutlines.h">
      <Filter>Effects\True Outlines\Video</Filter>
    </QtMoc>
    <QtMoc Include="videoMagicEye.h">
      <Filter>Effects\Magic Eye\Video</Filter>
    </QtMoc>
    <QtMoc Include="imageVintage8bit.h">
      <Filter>Effects\Vintage8bit\Image</Filter>
    </QtMoc>
    <QtMoc Include="videoVintage8bit.h">
      <Filter>Effects\Vintage8bit\Video</Filter>
    </QtMoc>
    <QtMoc Include="imageLensFilter.h">
      <Filter>Effects\Lens Filter\Image</Filter>
    </QtMoc>
    <QtMoc Include="videoLensFilter.h">
      <Filter>Effects\Lens Filter\Video</Filter>
    </QtMoc>
    <QtMoc Include="imageChangePalette.h">
      <Filter>Effects\Change Palette\Image</Filter>
    </QtMoc>
    <QtMoc Include="videoChangePalette.h">
      <Filter>Effects\Change Palette\Video</Filter>
    </QtMoc>
    <QtMoc Include="imageMonoMask.h">
      <Filter>Effects\Mono Mask\Image</Filter>
    </QtMoc>
    <QtMoc Include="videoMonoMask.h">
      <Filter>Effects\Mono Mask\Video</Filter>
    </QtMoc>
    <QtMoc Include="imageSoftpalette.h">
      <Filter>Effects\Soft Palette\Image</Filter>
    </QtMoc>
    <QtMoc Include="videoSoftPalette.h">
      <Filter>Effects\Soft Palette\Video</Filter>
    </QtMoc>
    <QtMoc Include="colorButton.h">
      <Filter>Ui\ColorButton</Filter>
    </QtMoc>
    <QtMoc Include="imageFlatLight.h">
      <Filter>Effects\Flat Light\Image</Filter>
    </QtMoc>
    <QtMoc Include="videoFlatLight.h">
      <Filter>Effects\Flat Light\Video</Filter>
    </QtMoc>
  </ItemGroup>
  <ItemGroup>
    <QtUic Include="MainWindow.ui">
      <Filter>Ui</Filter>
    </QtUic>
  </ItemGroup>
  <ItemGroup>
    <QtRcc Include="Resource.qrc">
      <Filter>Resource Files</Filter>
    </QtRcc>
  </ItemGroup>
  <ItemGroup>
    <Image Include="icon.ico">
      <Filter>Resource Files</Filter>
    </Image>
  </ItemGroup>
  <ItemGroup>
    <ResourceCompile Include="VideoEditorBeta.rc">
      <Filter>Resource Files</Filter>
    </ResourceCompile>
  </ItemGroup>
  <ItemGroup>
    <CopyFileToFolders Include="bin\opencv_world4100.dll">
      <Filter>bin</Filter>
    </CopyFileToFolders>
    <CopyFileToFolders Include="bin\opencv_videoio_ffmpeg4100_64.dll">
      <Filter>bin</Filter>
    </CopyFileToFolders>
  </ItemGroup>
</Project>